// !$*UTF8*$!
{
	archiveVersion = 1;
	classes = {
	};
	objectVersion = 77;
	objects = {

/* Begin PBXContainerItemProxy section */
		846276272D716FEF00E91A60 /* PBXContainerItemProxy */ = {
			isa = PBXContainerItemProxy;
			containerPortal = 846276092D716FED00E91A60 /* Project object */;
			proxyType = 1;
			remoteGlobalIDString = 846276102D716FED00E91A60;
			remoteInfo = DeepSpaceDaily;
		};
		846276312D716FEF00E91A60 /* PBXContainerItemProxy */ = {
			isa = PBXContainerItemProxy;
			containerPortal = 846276092D716FED00E91A60 /* Project object */;
			proxyType = 1;
			remoteGlobalIDString = 846276102D716FED00E91A60;
			remoteInfo = DeepSpaceDaily;
		};
/* End PBXContainerItemProxy section */

/* Begin PBXFileReference section */
		846276112D716FED00E91A60 /* DeepSpaceDaily.app */ = {isa = PBXFileReference; explicitFileType = wrapper.application; includeInIndex = 0; path = DeepSpaceDaily.app; sourceTree = BUILT_PRODUCTS_DIR; };
		846276262D716FEF00E91A60 /* DeepSpaceDailyTests.xctest */ = {isa = PBXFileReference; explicitFileType = wrapper.cfbundle; includeInIndex = 0; path = DeepSpaceDailyTests.xctest; sourceTree = BUILT_PRODUCTS_DIR; };
		846276302D716FEF00E91A60 /* DeepSpaceDailyUITests.xctest */ = {isa = PBXFileReference; explicitFileType = wrapper.cfbundle; includeInIndex = 0; path = DeepSpaceDailyUITests.xctest; sourceTree = BUILT_PRODUCTS_DIR; };
/* End PBXFileReference section */

/* Begin PBXFileSystemSynchronizedRootGroup section */
		846276132D716FED00E91A60 /* DeepSpaceDaily */ = {
			isa = PBXFileSystemSynchronizedRootGroup;
			path = DeepSpaceDaily;
			sourceTree = "<group>";
		};
		846276292D716FEF00E91A60 /* DeepSpaceDailyTests */ = {
			isa = PBXFileSystemSynchronizedRootGroup;
			path = DeepSpaceDailyTests;
			sourceTree = "<group>";
		};
		846276332D716FEF00E91A60 /* DeepSpaceDailyUITests */ = {
			isa = PBXFileSystemSynchronizedRootGroup;
			path = DeepSpaceDailyUITests;
			sourceTree = "<group>";
		};
/* End PBXFileSystemSynchronizedRootGroup section */

/* Begin PBXFrameworksBuildPhase section */
		8462760E2D716FED00E91A60 /* Frameworks */ = {
			isa = PBXFrameworksBuildPhase;
			buildActionMask = 2147483647;
			files = (
			);
			runOnlyForDeploymentPostprocessing = 0;
		};
		846276232D716FEF00E91A60 /* Frameworks */ = {
			isa = PBXFrameworksBuildPhase;
			buildActionMask = 2147483647;
			files = (
			);
			runOnlyForDeploymentPostprocessing = 0;
		};
		8462762D2D716FEF00E91A60 /* Frameworks */ = {
			isa = PBXFrameworksBuildPhase;
			buildActionMask = 2147483647;
			files = (
			);
			runOnlyForDeploymentPostprocessing = 0;
		};
/* End PBXFrameworksBuildPhase section */

/* Begin PBXGroup section */
		846276082D716FED00E91A60 = {
			isa = PBXGroup;
			children = (
				846276132D716FED00E91A60 /* DeepSpaceDaily */,
				846276292D716FEF00E91A60 /* DeepSpaceDailyTests */,
				846276332D716FEF00E91A60 /* DeepSpaceDailyUITests */,
				846276122D716FED00E91A60 /* Products */,
			);
			sourceTree = "<group>";
		};
		846276122D716FED00E91A60 /* Products */ = {
			isa = PBXGroup;
			children = (
				846276112D716FED00E91A60 /* DeepSpaceDaily.app */,
				846276262D716FEF00E91A60 /* DeepSpaceDailyTests.xctest */,
				846276302D716FEF00E91A60 /* DeepSpaceDailyUITests.xctest */,
			);
			name = Products;
			sourceTree = "<group>";
		};
/* End PBXGroup section */

/* Begin PBXNativeTarget section */
		846276102D716FED00E91A60 /* DeepSpaceDaily */ = {
			isa = PBXNativeTarget;
			buildConfigurationList = 8462763A2D716FEF00E91A60 /* Build configuration list for PBXNativeTarget "DeepSpaceDaily" */;
			buildPhases = (
				8462760D2D716FED00E91A60 /* Sources */,
				8462760E2D716FED00E91A60 /* Frameworks */,
				8462760F2D716FED00E91A60 /* Resources */,
			);
			buildRules = (
			);
			dependencies = (
			);
			fileSystemSynchronizedGroups = (
				846276132D716FED00E91A60 /* DeepSpaceDaily */,
			);
			name = DeepSpaceDaily;
			packageProductDependencies = (
			);
			productName = DeepSpaceDaily;
			productReference = 846276112D716FED00E91A60 /* DeepSpaceDaily.app */;
			productType = "com.apple.product-type.application";
		};
		846276252D716FEF00E91A60 /* DeepSpaceDailyTests */ = {
			isa = PBXNativeTarget;
			buildConfigurationList = 8462763D2D716FEF00E91A60 /* Build configuration list for PBXNativeTarget "DeepSpaceDailyTests" */;
			buildPhases = (
				846276222D716FEF00E91A60 /* Sources */,
				846276232D716FEF00E91A60 /* Frameworks */,
				846276242D716FEF00E91A60 /* Resources */,
			);
			buildRules = (
			);
			dependencies = (
				846276282D716FEF00E91A60 /* PBXTargetDependency */,
			);
			fileSystemSynchronizedGroups = (
				846276292D716FEF00E91A60 /* DeepSpaceDailyTests */,
			);
			name = DeepSpaceDailyTests;
			packageProductDependencies = (
			);
			productName = DeepSpaceDailyTests;
			productReference = 846276262D716FEF00E91A60 /* DeepSpaceDailyTests.xctest */;
			productType = "com.apple.product-type.bundle.unit-test";
		};
		8462762F2D716FEF00E91A60 /* DeepSpaceDailyUITests */ = {
			isa = PBXNativeTarget;
			buildConfigurationList = 846276402D716FEF00E91A60 /* Build configuration list for PBXNativeTarget "DeepSpaceDailyUITests" */;
			buildPhases = (
				8462762C2D716FEF00E91A60 /* Sources */,
				8462762D2D716FEF00E91A60 /* Frameworks */,
				8462762E2D716FEF00E91A60 /* Resources */,
			);
			buildRules = (
			);
			dependencies = (
				846276322D716FEF00E91A60 /* PBXTargetDependency */,
			);
			fileSystemSynchronizedGroups = (
				846276332D716FEF00E91A60 /* DeepSpaceDailyUITests */,
			);
			name = DeepSpaceDailyUITests;
			packageProductDependencies = (
			);
			productName = DeepSpaceDailyUITests;
			productReference = 846276302D716FEF00E91A60 /* DeepSpaceDailyUITests.xctest */;
			productType = "com.apple.product-type.bundle.ui-testing";
		};
/* End PBXNativeTarget section */

/* Begin PBXProject section */
		846276092D716FED00E91A60 /* Project object */ = {
			isa = PBXProject;
			attributes = {
				BuildIndependentTargetsInParallel = 1;
				LastSwiftUpdateCheck = 1600;
				LastUpgradeCheck = 1600;
				TargetAttributes = {
					846276102D716FED00E91A60 = {
						CreatedOnToolsVersion = 16.0;
					};
					846276252D716FEF00E91A60 = {
						CreatedOnToolsVersion = 16.0;
						TestTargetID = 846276102D716FED00E91A60;
					};
					8462762F2D716FEF00E91A60 = {
						CreatedOnToolsVersion = 16.0;
						TestTargetID = 846276102D716FED00E91A60;
					};
				};
			};
			buildConfigurationList = 8462760C2D716FED00E91A60 /* Build configuration list for PBXProject "DeepSpaceDaily" */;
			developmentRegion = en;
			hasScannedForEncodings = 0;
			knownRegions = (
				en,
				Base,
			);
			mainGroup = 846276082D716FED00E91A60;
			minimizedProjectReferenceProxies = 1;
			preferredProjectObjectVersion = 77;
			productRefGroup = 846276122D716FED00E91A60 /* Products */;
			projectDirPath = "";
			projectRoot = "";
			targets = (
				846276102D716FED00E91A60 /* DeepSpaceDaily */,
				846276252D716FEF00E91A60 /* DeepSpaceDailyTests */,
				8462762F2D716FEF00E91A60 /* DeepSpaceDailyUITests */,
			);
		};
/* End PBXProject section */

/* Begin PBXResourcesBuildPhase section */
		8462760F2D716FED00E91A60 /* Resources */ = {
			isa = PBXResourcesBuildPhase;
			buildActionMask = 2147483647;
			files = (
			);
			runOnlyForDeploymentPostprocessing = 0;
		};
		846276242D716FEF00E91A60 /* Resources */ = {
			isa = PBXResourcesBuildPhase;
			buildActionMask = 2147483647;
			files = (
			);
			runOnlyForDeploymentPostprocessing = 0;
		};
		8462762E2D716FEF00E91A60 /* Resources */ = {
			isa = PBXResourcesBuildPhase;
			buildActionMask = 2147483647;
			files = (
			);
			runOnlyForDeploymentPostprocessing = 0;
		};
/* End PBXResourcesBuildPhase section */

/* Begin PBXSourcesBuildPhase section */
		8462760D2D716FED00E91A60 /* Sources */ = {
			isa = PBXSourcesBuildPhase;
			buildActionMask = 2147483647;
			files = (
			);
			runOnlyForDeploymentPostprocessing = 0;
		};
		846276222D716FEF00E91A60 /* Sources */ = {
			isa = PBXSourcesBuildPhase;
			buildActionMask = 2147483647;
			files = (
			);
			runOnlyForDeploymentPostprocessing = 0;
		};
		8462762C2D716FEF00E91A60 /* Sources */ = {
			isa = PBXSourcesBuildPhase;
			buildActionMask = 2147483647;
			files = (
			);
			runOnlyForDeploymentPostprocessing = 0;
		};
/* End PBXSourcesBuildPhase section */

/* Begin PBXTargetDependency section */
		846276282D716FEF00E91A60 /* PBXTargetDependency */ = {
			isa = PBXTargetDependency;
			target = 846276102D716FED00E91A60 /* DeepSpaceDaily */;
			targetProxy = 846276272D716FEF00E91A60 /* PBXContainerItemProxy */;
		};
		846276322D716FEF00E91A60 /* PBXTargetDependency */ = {
			isa = PBXTargetDependency;
			target = 846276102D716FED00E91A60 /* DeepSpaceDaily */;
			targetProxy = 846276312D716FEF00E91A60 /* PBXContainerItemProxy */;
		};
/* End PBXTargetDependency section */

/* Begin XCBuildConfiguration section */
		846276382D716FEF00E91A60 /* Debug */ = {
			isa = XCBuildConfiguration;
			buildSettings = {
				ALWAYS_SEARCH_USER_PATHS = NO;
				ASSETCATALOG_COMPILER_GENERATE_SWIFT_ASSET_SYMBOL_EXTENSIONS = YES;
				CLANG_ANALYZER_NONNULL = YES;
				CLANG_ANALYZER_NUMBER_OBJECT_CONVERSION = YES_AGGRESSIVE;
				CLANG_CXX_LANGUAGE_STANDARD = "gnu++20";
				CLANG_ENABLE_MODULES = YES;
				CLANG_ENABLE_OBJC_ARC = YES;
				CLANG_ENABLE_OBJC_WEAK = YES;
				CLANG_WARN_BLOCK_CAPTURE_AUTORELEASING = YES;
				CLANG_WARN_BOOL_CONVERSION = YES;
				CLANG_WARN_COMMA = YES;
				CLANG_WARN_CONSTANT_CONVERSION = YES;
				CLANG_WARN_DEPRECATED_OBJC_IMPLEMENTATIONS = YES;
				CLANG_WARN_DIRECT_OBJC_ISA_USAGE = YES_ERROR;
				CLANG_WARN_DOCUMENTATION_COMMENTS = YES;
				CLANG_WARN_EMPTY_BODY = YES;
				CLANG_WARN_ENUM_CONVERSION = YES;
				CLANG_WARN_INFINITE_RECURSION = YES;
				CLANG_WARN_INT_CONVERSION = YES;
				CLANG_WARN_NON_LITERAL_NULL_CONVERSION = YES;
				CLANG_WARN_OBJC_IMPLICIT_RETAIN_SELF = YES;
				CLANG_WARN_OBJC_LITERAL_CONVERSION = YES;
				CLANG_WARN_OBJC_ROOT_CLASS = YES_ERROR;
				CLANG_WARN_QUOTED_INCLUDE_IN_FRAMEWORK_HEADER = YES;
				CLANG_WARN_RANGE_LOOP_ANALYSIS = YES;
				CLANG_WARN_STRICT_PROTOTYPES = YES;
				CLANG_WARN_SUSPICIOUS_MOVE = YES;
				CLANG_WARN_UNGUARDED_AVAILABILITY = YES_AGGRESSIVE;
				CLANG_WARN_UNREACHABLE_CODE = YES;
				CLANG_WARN__DUPLICATE_METHOD_MATCH = YES;
				COPY_PHASE_STRIP = NO;
				DEBUG_INFORMATION_FORMAT = dwarf;
				ENABLE_STRICT_OBJC_MSGSEND = YES;
				ENABLE_TESTABILITY = YES;
				ENABLE_USER_SCRIPT_SANDBOXING = YES;
				GCC_C_LANGUAGE_STANDARD = gnu17;
				GCC_DYNAMIC_NO_PIC = NO;
				GCC_NO_COMMON_BLOCKS = YES;
				GCC_OPTIMIZATION_LEVEL = 0;
				GCC_PREPROCESSOR_DEFINITIONS = (
					"DEBUG=1",
					"$(inherited)",
				);
				GCC_WARN_64_TO_32_BIT_CONVERSION = YES;
				GCC_WARN_ABOUT_RETURN_TYPE = YES_ERROR;
				GCC_WARN_UNDECLARED_SELECTOR = YES;
				GCC_WARN_UNINITIALIZED_AUTOS = YES_AGGRESSIVE;
				GCC_WARN_UNUSED_FUNCTION = YES;
				GCC_WARN_UNUSED_VARIABLE = YES;
				IPHONEOS_DEPLOYMENT_TARGET = 18.0;
				LOCALIZATION_PREFERS_STRING_CATALOGS = YES;
				MTL_ENABLE_DEBUG_INFO = INCLUDE_SOURCE;
				MTL_FAST_MATH = YES;
				ONLY_ACTIVE_ARCH = YES;
				SDKROOT = iphoneos;
				SWIFT_ACTIVE_COMPILATION_CONDITIONS = "DEBUG $(inherited)";
				SWIFT_OPTIMIZATION_LEVEL = "-Onone";
			};
			name = Debug;
		};
		846276392D716FEF00E91A60 /* Release */ = {
			isa = XCBuildConfiguration;
			buildSettings = {
				ALWAYS_SEARCH_USER_PATHS = NO;
				ASSETCATALOG_COMPILER_GENERATE_SWIFT_ASSET_SYMBOL_EXTENSIONS = YES;
				CLANG_ANALYZER_NONNULL = YES;
				CLANG_ANALYZER_NUMBER_OBJECT_CONVERSION = YES_AGGRESSIVE;
				CLANG_CXX_LANGUAGE_STANDARD = "gnu++20";
				CLANG_ENABLE_MODULES = YES;
				CLANG_ENABLE_OBJC_ARC = YES;
				CLANG_ENABLE_OBJC_WEAK = YES;
				CLANG_WARN_BLOCK_CAPTURE_AUTORELEASING = YES;
				CLANG_WARN_BOOL_CONVERSION = YES;
				CLANG_WARN_COMMA = YES;
				CLANG_WARN_CONSTANT_CONVERSION = YES;
				CLANG_WARN_DEPRECATED_OBJC_IMPLEMENTATIONS = YES;
				CLANG_WARN_DIRECT_OBJC_ISA_USAGE = YES_ERROR;
				CLANG_WARN_DOCUMENTATION_COMMENTS = YES;
				CLANG_WARN_EMPTY_BODY = YES;
				CLANG_WARN_ENUM_CONVERSION = YES;
				CLANG_WARN_INFINITE_RECURSION = YES;
				CLANG_WARN_INT_CONVERSION = YES;
				CLANG_WARN_NON_LITERAL_NULL_CONVERSION = YES;
				CLANG_WARN_OBJC_IMPLICIT_RETAIN_SELF = YES;
				CLANG_WARN_OBJC_LITERAL_CONVERSION = YES;
				CLANG_WARN_OBJC_ROOT_CLASS = YES_ERROR;
				CLANG_WARN_QUOTED_INCLUDE_IN_FRAMEWORK_HEADER = YES;
				CLANG_WARN_RANGE_LOOP_ANALYSIS = YES;
				CLANG_WARN_STRICT_PROTOTYPES = YES;
				CLANG_WARN_SUSPICIOUS_MOVE = YES;
				CLANG_WARN_UNGUARDED_AVAILABILITY = YES_AGGRESSIVE;
				CLANG_WARN_UNREACHABLE_CODE = YES;
				CLANG_WARN__DUPLICATE_METHOD_MATCH = YES;
				COPY_PHASE_STRIP = NO;
				DEBUG_INFORMATION_FORMAT = "dwarf-with-dsym";
				ENABLE_NS_ASSERTIONS = NO;
				ENABLE_STRICT_OBJC_MSGSEND = YES;
				ENABLE_USER_SCRIPT_SANDBOXING = YES;
				GCC_C_LANGUAGE_STANDARD = gnu17;
				GCC_NO_COMMON_BLOCKS = YES;
				GCC_WARN_64_TO_32_BIT_CONVERSION = YES;
				GCC_WARN_ABOUT_RETURN_TYPE = YES_ERROR;
				GCC_WARN_UNDECLARED_SELECTOR = YES;
				GCC_WARN_UNINITIALIZED_AUTOS = YES_AGGRESSIVE;
				GCC_WARN_UNUSED_FUNCTION = YES;
				GCC_WARN_UNUSED_VARIABLE = YES;
				IPHONEOS_DEPLOYMENT_TARGET = 18.0;
				LOCALIZATION_PREFERS_STRING_CATALOGS = YES;
				MTL_ENABLE_DEBUG_INFO = NO;
				MTL_FAST_MATH = YES;
				SDKROOT = iphoneos;
				SWIFT_COMPILATION_MODE = wholemodule;
				VALIDATE_PRODUCT = YES;
			};
			name = Release;
		};
		8462763B2D716FEF00E91A60 /* Debug */ = {
			isa = XCBuildConfiguration;
			buildSettings = {
				ASSETCATALOG_COMPILER_APPICON_NAME = AppIcon;
				ASSETCATALOG_COMPILER_GLOBAL_ACCENT_COLOR_NAME = AccentColor;
				CODE_SIGN_STYLE = Automatic;
				CURRENT_PROJECT_VERSION = 1;
				DEVELOPMENT_ASSET_PATHS = "\"DeepSpaceDaily/Preview Content\"";
				DEVELOPMENT_TEAM = 94SWBTH9HH;
				ENABLE_PREVIEWS = YES;
				GENERATE_INFOPLIST_FILE = YES;
				INFOPLIST_KEY_UIApplicationSceneManifest_Generation = YES;
				INFOPLIST_KEY_UIApplicationSupportsIndirectInputEvents = YES;
				INFOPLIST_KEY_UILaunchScreen_Generation = YES;
				INFOPLIST_KEY_UISupportedInterfaceOrientations_iPad = "UIInterfaceOrientationPortrait UIInterfaceOrientationPortraitUpsideDown UIInterfaceOrientationLandscapeLeft UIInterfaceOrientationLandscapeRight";
				INFOPLIST_KEY_UISupportedInterfaceOrientations_iPhone = "UIInterfaceOrientationPortrait UIInterfaceOrientationLandscapeLeft UIInterfaceOrientationLandscapeRight";
				LD_RUNPATH_SEARCH_PATHS = (
					"$(inherited)",
					"@executable_path/Frameworks",
				);
				MARKETING_VERSION = 1.0;
				PRODUCT_BUNDLE_IDENTIFIER = spaceNewsApp.DeepSpaceDaily;
				PRODUCT_NAME = "$(TARGET_NAME)";
				SWIFT_EMIT_LOC_STRINGS = YES;
				SWIFT_VERSION = 5.0;
				TARGETED_DEVICE_FAMILY = "1,2";
			};
			name = Debug;
		};
		8462763C2D716FEF00E91A60 /* Release */ = {
			isa = XCBuildConfiguration;
			buildSettings = {
				ASSETCATALOG_COMPILER_APPICON_NAME = AppIcon;
				ASSETCATALOG_COMPILER_GLOBAL_ACCENT_COLOR_NAME = AccentColor;
				CODE_SIGN_STYLE = Automatic;
				CURRENT_PROJECT_VERSION = 1;
				DEVELOPMENT_ASSET_PATHS = "\"DeepSpaceDaily/Preview Content\"";
				DEVELOPMENT_TEAM = 94SWBTH9HH;
				ENABLE_PREVIEWS = YES;
				GENERATE_INFOPLIST_FILE = YES;
				INFOPLIST_KEY_UIApplicationSceneManifest_Generation = YES;
				INFOPLIST_KEY_UIApplicationSupportsIndirectInputEvents = YES;
				INFOPLIST_KEY_UILaunchScreen_Generation = YES;
				INFOPLIST_KEY_UISupportedInterfaceOrientations_iPad = "UIInterfaceOrientationPortrait UIInterfaceOrientationPortraitUpsideDown UIInterfaceOrientationLandscapeLeft UIInterfaceOrientationLandscapeRight";
				INFOPLIST_KEY_UISupportedInterfaceOrientations_iPhone = "UIInterfaceOrientationPortrait UIInterfaceOrientationLandscapeLeft UIInterfaceOrientationLandscapeRight";
				LD_RUNPATH_SEARCH_PATHS = (
					"$(inherited)",
					"@executable_path/Frameworks",
				);
				MARKETING_VERSION = 1.0;
				PRODUCT_BUNDLE_IDENTIFIER = spaceNewsApp.DeepSpaceDaily;
				PRODUCT_NAME = "$(TARGET_NAME)";
				SWIFT_EMIT_LOC_STRINGS = YES;
				SWIFT_VERSION = 5.0;
				TARGETED_DEVICE_FAMILY = "1,2";
			};
			name = Release;
		};
		8462763E2D716FEF00E91A60 /* Debug */ = {
			isa = XCBuildConfiguration;
			buildSettings = {
				BUNDLE_LOADER = "$(TEST_HOST)";
				CODE_SIGN_STYLE = Automatic;
				CURRENT_PROJECT_VERSION = 1;
				DEVELOPMENT_TEAM = 94SWBTH9HH;
				GENERATE_INFOPLIST_FILE = YES;
				IPHONEOS_DEPLOYMENT_TARGET = 18.0;
				MARKETING_VERSION = 1.0;
				PRODUCT_BUNDLE_IDENTIFIER = spaceNewsApp.DeepSpaceDailyTests;
				PRODUCT_NAME = "$(TARGET_NAME)";
				SWIFT_EMIT_LOC_STRINGS = NO;
				SWIFT_VERSION = 5.0;
				TARGETED_DEVICE_FAMILY = "1,2";
				TEST_HOST = "$(BUILT_PRODUCTS_DIR)/DeepSpaceDaily.app/$(BUNDLE_EXECUTABLE_FOLDER_PATH)/DeepSpaceDaily";
			};
			name = Debug;
		};
		8462763F2D716FEF00E91A60 /* Release */ = {
			isa = XCBuildConfiguration;
			buildSettings = {
				BUNDLE_LOADER = "$(TEST_HOST)";
				CODE_SIGN_STYLE = Automatic;
				CURRENT_PROJECT_VERSION = 1;
				DEVELOPMENT_TEAM = 94SWBTH9HH;
				GENERATE_INFOPLIST_FILE = YES;
				IPHONEOS_DEPLOYMENT_TARGET = 18.0;
				MARKETING_VERSION = 1.0;
				PRODUCT_BUNDLE_IDENTIFIER = spaceNewsApp.DeepSpaceDailyTests;
				PRODUCT_NAME = "$(TARGET_NAME)";
				SWIFT_EMIT_LOC_STRINGS = NO;
				SWIFT_VERSION = 5.0;
				TARGETED_DEVICE_FAMILY = "1,2";
				TEST_HOST = "$(BUILT_PRODUCTS_DIR)/DeepSpaceDaily.app/$(BUNDLE_EXECUTABLE_FOLDER_PATH)/DeepSpaceDaily";
			};
			name = Release;
		};
		846276412D716FEF00E91A60 /* Debug */ = {
			isa = XCBuildConfiguration;
			buildSettings = {
				CODE_SIGN_STYLE = Automatic;
				CURRENT_PROJECT_VERSION = 1;
				DEVELOPMENT_TEAM = 94SWBTH9HH;
				GENERATE_INFOPLIST_FILE = YES;
				MARKETING_VERSION = 1.0;
				PRODUCT_BUNDLE_IDENTIFIER = spaceNewsApp.DeepSpaceDailyUITests;
				PRODUCT_NAME = "$(TARGET_NAME)";
				SWIFT_EMIT_LOC_STRINGS = NO;
				SWIFT_VERSION = 5.0;
				TARGETED_DEVICE_FAMILY = "1,2";
				TEST_TARGET_NAME = DeepSpaceDaily;
			};
			name = Debug;
		};
		846276422D716FEF00E91A60 /* Release */ = {
			isa = XCBuildConfiguration;
			buildSettings = {
				CODE_SIGN_STYLE = Automatic;
				CURRENT_PROJECT_VERSION = 1;
				DEVELOPMENT_TEAM = 94SWBTH9HH;
				GENERATE_INFOPLIST_FILE = YES;
				MARKETING_VERSION = 1.0;
				PRODUCT_BUNDLE_IDENTIFIER = spaceNewsApp.DeepSpaceDailyUITests;
				PRODUCT_NAME = "$(TARGET_NAME)";
				SWIFT_EMIT_LOC_STRINGS = NO;
				SWIFT_VERSION = 5.0;
				TARGETED_DEVICE_FAMILY = "1,2";
				TEST_TARGET_NAME = DeepSpaceDaily;
			};
			name = Release;
		};
/* End XCBuildConfiguration section */

/* Begin XCConfigurationList section */
		8462760C2D716FED00E91A60 /* Build configuration list for PBXProject "DeepSpaceDaily" */ = {
			isa = XCConfigurationList;
			buildConfigurations = (
				846276382D716FEF00E91A60 /* Debug */,
				846276392D716FEF00E91A60 /* Release */,
			);
			defaultConfigurationIsVisible = 0;
			defaultConfigurationName = Release;
		};
		8462763A2D716FEF00E91A60 /* Build configuration list for PBXNativeTarget "DeepSpaceDaily" */ = {
			isa = XCConfigurationList;
			buildConfigurations = (
				8462763B2D716FEF00E91A60 /* Debug */,
				8462763C2D716FEF00E91A60 /* Release */,
			);
			defaultConfigurationIsVisible = 0;
			defaultConfigurationName = Release;
		};
		8462763D2D716FEF00E91A60 /* Build configuration list for PBXNativeTarget "DeepSpaceDailyTests" */ = {
			isa = XCConfigurationList;
			buildConfigurations = (
				8462763E2D716FEF00E91A60 /* Debug */,
				8462763F2D716FEF00E91A60 /* Release */,
			);
			defaultConfigurationIsVisible = 0;
			defaultConfigurationName = Release;
		};
		846276402D716FEF00E91A60 /* Build configuration list for PBXNativeTarget "DeepSpaceDailyUITests" */ = {
			isa = XCConfigurationList;
			buildConfigurations = (
				846276412D716FEF00E91A60 /* Debug */,
				846276422D716FEF00E91A60 /* Release */,
			);
			defaultConfigurationIsVisible = 0;
			defaultConfigurationName = Release;
		};
/* End XCConfigurationList section */
	};
	rootObject = 846276092D716FED00E91A60 /* Project object */;
}
